
Microsoft Visual Studio Solution File, Format Version 12.00
# Visual Studio Version 17
VisualStudioVersion = 17.7.34024.191
MinimumVisualStudioVersion = 10.0.40219.1
Project("{FAE04EC0-301F-11D3-BF4B-00C04F79EFBC}") = "ConAppNUnitAssignment", "ConAppNUnitAssignment\ConAppNUnitAssignment.csproj", "{A9371F27-FCCC-4AF2-B819-9CCD4203C02B}"
EndProject
Global
	GlobalSection(SolutionConfigurationPlatforms) = preSolution
		Debug|Any CPU = Debug|Any CPU
		Release|Any CPU = Release|Any CPU
	EndGlobalSection
	GlobalSection(ProjectConfigurationPlatforms) = postSolution
		{A9371F27-FCCC-4AF2-B819-9CCD4203C02B}.Debug|Any CPU.ActiveCfg = Debug|Any CPU
		{A9371F27-FCCC-4AF2-B819-9CCD4203C02B}.Debug|Any CPU.Build.0 = Debug|Any CPU
		{A9371F27-FCCC-4AF2-B819-9CCD4203C02B}.Release|Any CPU.ActiveCfg = Release|Any CPU
		{A9371F27-FCCC-4AF2-B819-9CCD4203C02B}.Release|Any CPU.Build.0 = Release|Any CPU
	EndGlobalSection
	GlobalSection(SolutionProperties) = preSolution
		HideSolutionNode = FALSE
	EndGlobalSection
	GlobalSection(ExtensibilityGlobals) = postSolution
		SolutionGuid = {AC1FB224-D6D7-4050-B3A3-054E87878F66}
	EndGlobalSection
EndGlobal
